github.com/gorilla/mux v1.8.0 h1:i40aqfkR1h2SlN9hojwV5ZA91wcXFOvkdNIeFDP5koI=
github.com/gorilla/mux v1.8.0/go.mod h1:DVbg23sWSpFRCP0SfiEN6jmj59UnW/n46BH5rLB71So=
github.com/mikogs/lib-go-cli v1.0.0 h1:CjGwrNLC8/GN0TmlDg8uWC6MNTxCcEQrIY3C7BEmZls=
github.com/mikogs/lib-go-cli v1.0.0/go.mod h1:L91MzVTi6qqDRxwpLoPfL5Ppoy0Z0Vq+WQO/biHqjL4=
